
Microsoft Visual Studio Solution File, Format Version 12.00
# Visual Studio Version 17
VisualStudioVersion = 17.14.36623.8 d17.14
MinimumVisualStudioVersion = 10.0.40219.1
Project("{FAE04EC0-301F-11D3-BF4B-00C04F79EFBC}") = "_9_1113", "_9_1113.csproj", "{80060993-45CE-47F9-9306-02FA7F46B899}"
EndProject
Global
	GlobalSection(SolutionConfigurationPlatforms) = preSolution
		Debug|Any CPU = Debug|Any CPU
		Release|Any CPU = Release|Any CPU
	EndGlobalSection
	GlobalSection(ProjectConfigurationPlatforms) = postSolution
		{80060993-45CE-47F9-9306-02FA7F46B899}.Debug|Any CPU.ActiveCfg = Debug|Any CPU
		{80060993-45CE-47F9-9306-02FA7F46B899}.Debug|Any CPU.Build.0 = Debug|Any CPU
		{80060993-45CE-47F9-9306-02FA7F46B899}.Release|Any CPU.ActiveCfg = Release|Any CPU
		{80060993-45CE-47F9-9306-02FA7F46B899}.Release|Any CPU.Build.0 = Release|Any CPU
	EndGlobalSection
	GlobalSection(SolutionProperties) = preSolution
		HideSolutionNode = FALSE
	EndGlobalSection
	GlobalSection(ExtensibilityGlobals) = postSolution
		SolutionGuid = {F311D9D2-83B1-46AF-833B-4C14E1680412}
	EndGlobalSection
EndGlobal
